// !$*UTF8*$!
{
	archiveVersion = 1;
	classes = {
	};
	objectVersion = 56;
	objects = {

/* Begin PBXBuildFile section */
		157420A92C03AF4E00541476 /* TabButton.swift in Sources */ = {isa = PBXBuildFile; fileRef = 157420A82C03AF4E00541476 /* TabButton.swift */; };
		157C25F62C003D55001793DD /* CutItApp.swift in Sources */ = {isa = PBXBuildFile; fileRef = 157C25F52C003D55001793DD /* CutItApp.swift */; };
		157C25F82C003D55001793DD /* ContentView.swift in Sources */ = {isa = PBXBuildFile; fileRef = 157C25F72C003D55001793DD /* ContentView.swift */; };
		157C25FA2C003D55001793DD /* Assets.xcassets in Resources */ = {isa = PBXBuildFile; fileRef = 157C25F92C003D55001793DD /* Assets.xcassets */; };
		157C25FD2C003D55001793DD /* Preview Assets.xcassets in Resources */ = {isa = PBXBuildFile; fileRef = 157C25FC2C003D55001793DD /* Preview Assets.xcassets */; };
		15BF2FEF2C0231A300E1ACF9 /* ScreenCaptureViewModel.swift in Sources */ = {isa = PBXBuildFile; fileRef = 15BF2FEE2C0231A300E1ACF9 /* ScreenCaptureViewModel.swift */; };
		15BF2FF22C0231D600E1ACF9 /* ScreenCaptureTypes.swift in Sources */ = {isa = PBXBuildFile; fileRef = 15BF2FF12C0231D600E1ACF9 /* ScreenCaptureTypes.swift */; };
/* End PBXBuildFile section */

/* Begin PBXFileReference section */
		157420A82C03AF4E00541476 /* TabButton.swift */ = {isa = PBXFileReference; lastKnownFileType = sourcecode.swift; path = TabButton.swift; sourceTree = "<group>"; };
		157C25F22C003D55001793DD /* CutIt.app */ = {isa = PBXFileReference; explicitFileType = wrapper.application; includeInIndex = 0; path = CutIt.app; sourceTree = BUILT_PRODUCTS_DIR; };
		157C25F52C003D55001793DD /* CutItApp.swift */ = {isa = PBXFileReference; lastKnownFileType = sourcecode.swift; path = CutItApp.swift; sourceTree = "<group>"; };
		157C25F72C003D55001793DD /* ContentView.swift */ = {isa = PBXFileReference; lastKnownFileType = sourcecode.swift; path = ContentView.swift; sourceTree = "<group>"; };
		157C25F92C003D55001793DD /* Assets.xcassets */ = {isa = PBXFileReference; lastKnownFileType = folder.assetcatalog; path = Assets.xcassets; sourceTree = "<group>"; };
		157C25FC2C003D55001793DD /* Preview Assets.xcassets */ = {isa = PBXFileReference; lastKnownFileType = folder.assetcatalog; path = "Preview Assets.xcassets"; sourceTree = "<group>"; };
		157C25FE2C003D55001793DD /* CutIt.entitlements */ = {isa = PBXFileReference; lastKnownFileType = text.plist.entitlements; path = CutIt.entitlements; sourceTree = "<group>"; };
		15BF2FEE2C0231A300E1ACF9 /* ScreenCaptureViewModel.swift */ = {isa = PBXFileReference; lastKnownFileType = sourcecode.swift; path = ScreenCaptureViewModel.swift; sourceTree = "<group>"; };
		15BF2FF12C0231D600E1ACF9 /* ScreenCaptureTypes.swift */ = {isa = PBXFileReference; lastKnownFileType = sourcecode.swift; path = ScreenCaptureTypes.swift; sourceTree = "<group>"; };
/* End PBXFileReference section */

/* Begin PBXFrameworksBuildPhase section */
		157C25EF2C003D54001793DD /* Frameworks */ = {
			isa = PBXFrameworksBuildPhase;
			buildActionMask = 2147483647;
			files = (
			);
			runOnlyForDeploymentPostprocessing = 0;
		};
/* End PBXFrameworksBuildPhase section */

/* Begin PBXGroup section */
		157420AA2C03AF5300541476 /* View */ = {
			isa = PBXGroup;
			children = (
				157420A82C03AF4E00541476 /* TabButton.swift */,
			);
			path = View;
			sourceTree = "<group>";
		};
		157C25E92C003D54001793DD = {
			isa = PBXGroup;
			children = (
				157C25F42C003D55001793DD /* CutIt */,
				157C25F32C003D55001793DD /* Products */,
			);
			sourceTree = "<group>";
		};
		157C25F32C003D55001793DD /* Products */ = {
			isa = PBXGroup;
			children = (
				157C25F22C003D55001793DD /* CutIt.app */,
			);
			name = Products;
			sourceTree = "<group>";
		};
		157C25F42C003D55001793DD /* CutIt */ = {
			isa = PBXGroup;
			children = (
				157C25F52C003D55001793DD /* CutItApp.swift */,
				157C25F72C003D55001793DD /* ContentView.swift */,
				157C25F92C003D55001793DD /* Assets.xcassets */,
				157C25FE2C003D55001793DD /* CutIt.entitlements */,
				157C25FB2C003D55001793DD /* Preview Content */,
				15BF2FF02C0231A800E1ACF9 /* ViewModel */,
				157420AA2C03AF5300541476 /* View */,
			);
			path = CutIt;
			sourceTree = "<group>";
		};
		157C25FB2C003D55001793DD /* Preview Content */ = {
			isa = PBXGroup;
			children = (
				157C25FC2C003D55001793DD /* Preview Assets.xcassets */,
			);
			path = "Preview Content";
			sourceTree = "<group>";
		};
		15BF2FF02C0231A800E1ACF9 /* ViewModel */ = {
			isa = PBXGroup;
			children = (
				15BF2FEE2C0231A300E1ACF9 /* ScreenCaptureViewModel.swift */,
				15BF2FF12C0231D600E1ACF9 /* ScreenCaptureTypes.swift */,
			);
			path = ViewModel;
			sourceTree = "<group>";
		};
/* End PBXGroup section */

/* Begin PBXNativeTarget section */
		157C25F12C003D54001793DD /* CutIt */ = {
			isa = PBXNativeTarget;
			buildConfigurationList = 157C26012C003D55001793DD /* Build configuration list for PBXNativeTarget "CutIt" */;
			buildPhases = (
				157C25EE2C003D54001793DD /* Sources */,
				157C25EF2C003D54001793DD /* Frameworks */,
				157C25F02C003D54001793DD /* Resources */,
			);
			buildRules = (
			);
			dependencies = (
			);
			name = CutIt;
			productName = CutIt;
			productReference = 157C25F22C003D55001793DD /* CutIt.app */;
			productType = "com.apple.product-type.application";
		};
/* End PBXNativeTarget section */

/* Begin PBXProject section */
		157C25EA2C003D54001793DD /* Project object */ = {
			isa = PBXProject;
			attributes = {
				BuildIndependentTargetsInParallel = 1;
				LastSwiftUpdateCheck = 1500;
				LastUpgradeCheck = 1500;
				TargetAttributes = {
					157C25F12C003D54001793DD = {
						CreatedOnToolsVersion = 15.0;
					};
				};
			};
			buildConfigurationList = 157C25ED2C003D54001793DD /* Build configuration list for PBXProject "CutIt" */;
			compatibilityVersion = "Xcode 14.0";
			developmentRegion = en;
			hasScannedForEncodings = 0;
			knownRegions = (
				en,
				Base,
			);
			mainGroup = 157C25E92C003D54001793DD;
			productRefGroup = 157C25F32C003D55001793DD /* Products */;
			projectDirPath = "";
			projectRoot = "";
			targets = (
				157C25F12C003D54001793DD /* CutIt */,
			);
		};
/* End PBXProject section */

/* Begin PBXResourcesBuildPhase section */
		157C25F02C003D54001793DD /* Resources */ = {
			isa = PBXResourcesBuildPhase;
			buildActionMask = 2147483647;
			files = (
				157C25FD2C003D55001793DD /* Preview Assets.xcassets in Resources */,
				157C25FA2C003D55001793DD /* Assets.xcassets in Resources */,
			);
			runOnlyForDeploymentPostprocessing = 0;
		};
/* End PBXResourcesBuildPhase section */

/* Begin PBXSourcesBuildPhase section */
		157C25EE2C003D54001793DD /* Sources */ = {
			isa = PBXSourcesBuildPhase;
			buildActionMask = 2147483647;
			files = (
				15BF2FF22C0231D600E1ACF9 /* ScreenCaptureTypes.swift in Sources */,
				157C25F82C003D55001793DD /* ContentView.swift in Sources */,
				15BF2FEF2C0231A300E1ACF9 /* ScreenCaptureViewModel.swift in Sources */,
				157420A92C03AF4E00541476 /* TabButton.swift in Sources */,
				157C25F62C003D55001793DD /* CutItApp.swift in Sources */,
			);
			runOnlyForDeploymentPostprocessing = 0;
		};
/* End PBXSourcesBuildPhase section */

/* Begin XCBuildConfiguration section */
		157C25FF2C003D55001793DD /* Debug */ = {
			isa = XCBuildConfiguration;
			buildSettings = {
				ALWAYS_SEARCH_USER_PATHS = NO;
				ASSETCATALOG_COMPILER_GENERATE_SWIFT_ASSET_SYMBOL_EXTENSIONS = YES;
				CLANG_ANALYZER_NONNULL = YES;
				CLANG_ANALYZER_NUMBER_OBJECT_CONVERSION = YES_AGGRESSIVE;
				CLANG_CXX_LANGUAGE_STANDARD = "gnu++20";
				CLANG_ENABLE_MODULES = YES;
				CLANG_ENABLE_OBJC_ARC = YES;
				CLANG_ENABLE_OBJC_WEAK = YES;
				CLANG_WARN_BLOCK_CAPTURE_AUTORELEASING = YES;
				CLANG_WARN_BOOL_CONVERSION = YES;
				CLANG_WARN_COMMA = YES;
				CLANG_WARN_CONSTANT_CONVERSION = YES;
				CLANG_WARN_DEPRECATED_OBJC_IMPLEMENTATIONS = YES;
				CLANG_WARN_DIRECT_OBJC_ISA_USAGE = YES_ERROR;
				CLANG_WARN_DOCUMENTATION_COMMENTS = YES;
				CLANG_WARN_EMPTY_BODY = YES;
				CLANG_WARN_ENUM_CONVERSION = YES;
				CLANG_WARN_INFINITE_RECURSION = YES;
				CLANG_WARN_INT_CONVERSION = YES;
				CLANG_WARN_NON_LITERAL_NULL_CONVERSION = YES;
				CLANG_WARN_OBJC_IMPLICIT_RETAIN_SELF = YES;
				CLANG_WARN_OBJC_LITERAL_CONVERSION = YES;
				CLANG_WARN_OBJC_ROOT_CLASS = YES_ERROR;
				CLANG_WARN_QUOTED_INCLUDE_IN_FRAMEWORK_HEADER = YES;
				CLANG_WARN_RANGE_LOOP_ANALYSIS = YES;
				CLANG_WARN_STRICT_PROTOTYPES = YES;
				CLANG_WARN_SUSPICIOUS_MOVE = YES;
				CLANG_WARN_UNGUARDED_AVAILABILITY = YES_AGGRESSIVE;
				CLANG_WARN_UNREACHABLE_CODE = YES;
				CLANG_WARN__DUPLICATE_METHOD_MATCH = YES;
				COPY_PHASE_STRIP = NO;
				DEBUG_INFORMATION_FORMAT = dwarf;
				ENABLE_STRICT_OBJC_MSGSEND = YES;
				ENABLE_TESTABILITY = YES;
				ENABLE_USER_SCRIPT_SANDBOXING = YES;
				GCC_C_LANGUAGE_STANDARD = gnu17;
				GCC_DYNAMIC_NO_PIC = NO;
				GCC_NO_COMMON_BLOCKS = YES;
				GCC_OPTIMIZATION_LEVEL = 0;
				GCC_PREPROCESSOR_DEFINITIONS = (
					"DEBUG=1",
					"$(inherited)",
				);
				GCC_WARN_64_TO_32_BIT_CONVERSION = YES;
				GCC_WARN_ABOUT_RETURN_TYPE = YES_ERROR;
				GCC_WARN_UNDECLARED_SELECTOR = YES;
				GCC_WARN_UNINITIALIZED_AUTOS = YES_AGGRESSIVE;
				GCC_WARN_UNUSED_FUNCTION = YES;
				GCC_WARN_UNUSED_VARIABLE = YES;
				LOCALIZATION_PREFERS_STRING_CATALOGS = YES;
				MACOSX_DEPLOYMENT_TARGET = 14.0;
				MTL_ENABLE_DEBUG_INFO = INCLUDE_SOURCE;
				MTL_FAST_MATH = YES;
				ONLY_ACTIVE_ARCH = YES;
				SDKROOT = macosx;
				SWIFT_ACTIVE_COMPILATION_CONDITIONS = "DEBUG $(inherited)";
				SWIFT_OPTIMIZATION_LEVEL = "-Onone";
			};
			name = Debug;
		};
		157C26002C003D55001793DD /* Release */ = {
			isa = XCBuildConfiguration;
			buildSettings = {
				ALWAYS_SEARCH_USER_PATHS = NO;
				ASSETCATALOG_COMPILER_GENERATE_SWIFT_ASSET_SYMBOL_EXTENSIONS = YES;
				CLANG_ANALYZER_NONNULL = YES;
				CLANG_ANALYZER_NUMBER_OBJECT_CONVERSION = YES_AGGRESSIVE;
				CLANG_CXX_LANGUAGE_STANDARD = "gnu++20";
				CLANG_ENABLE_MODULES = YES;
				CLANG_ENABLE_OBJC_ARC = YES;
				CLANG_ENABLE_OBJC_WEAK = YES;
				CLANG_WARN_BLOCK_CAPTURE_AUTORELEASING = YES;
				CLANG_WARN_BOOL_CONVERSION = YES;
				CLANG_WARN_COMMA = YES;
				CLANG_WARN_CONSTANT_CONVERSION = YES;
				CLANG_WARN_DEPRECATED_OBJC_IMPLEMENTATIONS = YES;
				CLANG_WARN_DIRECT_OBJC_ISA_USAGE = YES_ERROR;
				CLANG_WARN_DOCUMENTATION_COMMENTS = YES;
				CLANG_WARN_EMPTY_BODY = YES;
				CLANG_WARN_ENUM_CONVERSION = YES;
				CLANG_WARN_INFINITE_RECURSION = YES;
				CLANG_WARN_INT_CONVERSION = YES;
				CLANG_WARN_NON_LITERAL_NULL_CONVERSION = YES;
				CLANG_WARN_OBJC_IMPLICIT_RETAIN_SELF = YES;
				CLANG_WARN_OBJC_LITERAL_CONVERSION = YES;
				CLANG_WARN_OBJC_ROOT_CLASS = YES_ERROR;
				CLANG_WARN_QUOTED_INCLUDE_IN_FRAMEWORK_HEADER = YES;
				CLANG_WARN_RANGE_LOOP_ANALYSIS = YES;
				CLANG_WARN_STRICT_PROTOTYPES = YES;
				CLANG_WARN_SUSPICIOUS_MOVE = YES;
				CLANG_WARN_UNGUARDED_AVAILABILITY = YES_AGGRESSIVE;
				CLANG_WARN_UNREACHABLE_CODE = YES;
				CLANG_WARN__DUPLICATE_METHOD_MATCH = YES;
				COPY_PHASE_STRIP = NO;
				DEBUG_INFORMATION_FORMAT = "dwarf-with-dsym";
				ENABLE_NS_ASSERTIONS = NO;
				ENABLE_STRICT_OBJC_MSGSEND = YES;
				ENABLE_USER_SCRIPT_SANDBOXING = YES;
				GCC_C_LANGUAGE_STANDARD = gnu17;
				GCC_NO_COMMON_BLOCKS = YES;
				GCC_WARN_64_TO_32_BIT_CONVERSION = YES;
				GCC_WARN_ABOUT_RETURN_TYPE = YES_ERROR;
				GCC_WARN_UNDECLARED_SELECTOR = YES;
				GCC_WARN_UNINITIALIZED_AUTOS = YES_AGGRESSIVE;
				GCC_WARN_UNUSED_FUNCTION = YES;
				GCC_WARN_UNUSED_VARIABLE = YES;
				LOCALIZATION_PREFERS_STRING_CATALOGS = YES;
				MACOSX_DEPLOYMENT_TARGET = 14.0;
				MTL_ENABLE_DEBUG_INFO = NO;
				MTL_FAST_MATH = YES;
				SDKROOT = macosx;
				SWIFT_COMPILATION_MODE = wholemodule;
			};
			name = Release;
		};
		157C26022C003D55001793DD /* Debug */ = {
			isa = XCBuildConfiguration;
			buildSettings = {
				ASSETCATALOG_COMPILER_APPICON_NAME = AppIcon;
				ASSETCATALOG_COMPILER_GLOBAL_ACCENT_COLOR_NAME = AccentColor;
				CODE_SIGN_ENTITLEMENTS = CutIt/CutIt.entitlements;
				CODE_SIGN_STYLE = Automatic;
				COMBINE_HIDPI_IMAGES = YES;
				CURRENT_PROJECT_VERSION = 1;
				DEVELOPMENT_ASSET_PATHS = "\"CutIt/Preview Content\"";
				DEVELOPMENT_TEAM = DPQ7HP686J;
				ENABLE_HARDENED_RUNTIME = YES;
				ENABLE_PREVIEWS = YES;
				GENERATE_INFOPLIST_FILE = YES;
				INFOPLIST_KEY_NSHumanReadableCopyright = "";
				LD_RUNPATH_SEARCH_PATHS = (
					"$(inherited)",
					"@executable_path/../Frameworks",
				);
				MARKETING_VERSION = 1.0;
				PRODUCT_BUNDLE_IDENTIFIER = code.io.CutIt;
				PRODUCT_NAME = "$(TARGET_NAME)";
				SWIFT_EMIT_LOC_STRINGS = YES;
				SWIFT_VERSION = 5.0;
			};
			name = Debug;
		};
		157C26032C003D55001793DD /* Release */ = {
			isa = XCBuildConfiguration;
			buildSettings = {
				ASSETCATALOG_COMPILER_APPICON_NAME = AppIcon;
				ASSETCATALOG_COMPILER_GLOBAL_ACCENT_COLOR_NAME = AccentColor;
				CODE_SIGN_ENTITLEMENTS = CutIt/CutIt.entitlements;
				CODE_SIGN_STYLE = Automatic;
				COMBINE_HIDPI_IMAGES = YES;
				CURRENT_PROJECT_VERSION = 1;
				DEVELOPMENT_ASSET_PATHS = "\"CutIt/Preview Content\"";
				DEVELOPMENT_TEAM = DPQ7HP686J;
				ENABLE_HARDENED_RUNTIME = YES;
				ENABLE_PREVIEWS = YES;
				GENERATE_INFOPLIST_FILE = YES;
				INFOPLIST_KEY_NSHumanReadableCopyright = "";
				LD_RUNPATH_SEARCH_PATHS = (
					"$(inherited)",
					"@executable_path/../Frameworks",
				);
				MARKETING_VERSION = 1.0;
				PRODUCT_BUNDLE_IDENTIFIER = code.io.CutIt;
				PRODUCT_NAME = "$(TARGET_NAME)";
				SWIFT_EMIT_LOC_STRINGS = YES;
				SWIFT_VERSION = 5.0;
			};
			name = Release;
		};
/* End XCBuildConfiguration section */

/* Begin XCConfigurationList section */
		157C25ED2C003D54001793DD /* Build configuration list for PBXProject "CutIt" */ = {
			isa = XCConfigurationList;
			buildConfigurations = (
				157C25FF2C003D55001793DD /* Debug */,
				157C26002C003D55001793DD /* Release */,
			);
			defaultConfigurationIsVisible = 0;
			defaultConfigurationName = Release;
		};
		157C26012C003D55001793DD /* Build configuration list for PBXNativeTarget "CutIt" */ = {
			isa = XCConfigurationList;
			buildConfigurations = (
				157C26022C003D55001793DD /* Debug */,
				157C26032C003D55001793DD /* Release */,
			);
			defaultConfigurationIsVisible = 0;
			defaultConfigurationName = Release;
		};
/* End XCConfigurationList section */
	};
	rootObject = 157C25EA2C003D54001793DD /* Project object */;
}
